
Microsoft Visual Studio Solution File, Format Version 12.00
# Visual Studio Version 17
VisualStudioVersion = 17.5.002.0
MinimumVisualStudioVersion = 10.0.40219.1
Project("{9A19103F-16F7-4668-BE54-9A1E7A4F7556}") = "L009_String_and_Char", "L009_String_and_Char.csproj", "{99D24EAC-E0AE-470C-A205-A7D0AAB259E8}"
EndProject
Global
	GlobalSection(SolutionConfigurationPlatforms) = preSolution
		Debug|Any CPU = Debug|Any CPU
		Release|Any CPU = Release|Any CPU
	EndGlobalSection
	GlobalSection(ProjectConfigurationPlatforms) = postSolution
		{99D24EAC-E0AE-470C-A205-A7D0AAB259E8}.Debug|Any CPU.ActiveCfg = Debug|Any CPU
		{99D24EAC-E0AE-470C-A205-A7D0AAB259E8}.Debug|Any CPU.Build.0 = Debug|Any CPU
		{99D24EAC-E0AE-470C-A205-A7D0AAB259E8}.Release|Any CPU.ActiveCfg = Release|Any CPU
		{99D24EAC-E0AE-470C-A205-A7D0AAB259E8}.Release|Any CPU.Build.0 = Release|Any CPU
	EndGlobalSection
	GlobalSection(SolutionProperties) = preSolution
		HideSolutionNode = FALSE
	EndGlobalSection
	GlobalSection(ExtensibilityGlobals) = postSolution
		SolutionGuid = {4FAE9EC3-D4A4-4EAF-B765-3D3640380BBE}
	EndGlobalSection
EndGlobal
