
Microsoft Visual Studio Solution File, Format Version 12.00
# Visual Studio Version 17
VisualStudioVersion = 17.0.31903.59
MinimumVisualStudioVersion = 10.0.40219.1
Project("{FAE04EC0-301F-11D3-BF4B-00C04F79EFBC}") = "L013_Unicodee", "L013_Unicodee\L013_Unicodee.csproj", "{8499D3EA-8143-4CA3-A363-5A14B11585A2}"
EndProject
Project("{FAE04EC0-301F-11D3-BF4B-00C04F79EFBC}") = "L012_Exceptionss", "L012_Exceptionss\L012_Exceptionss.csproj", "{9155FC2E-2094-486D-9726-DF0D07338B2D}"
EndProject
Project("{FAE04EC0-301F-11D3-BF4B-00C04F79EFBC}") = "L014_Path_and_Directoryy", "L014_Path_and_Directoryy\L014_Path_and_Directoryy.csproj", "{92F4079C-E8A9-44FA-94D8-ACBF289DB81A}"
EndProject
Project("{FAE04EC0-301F-11D3-BF4B-00C04F79EFBC}") = "L015_StreamWriter_och_StreamReader", "L015_StreamWriter_och_StreamReader\L015_StreamWriter_och_StreamReader.csproj", "{12FED05A-3285-4326-8B8C-57261E642635}"
EndProject
Project("{FAE04EC0-301F-11D3-BF4B-00C04F79EFBC}") = "L016_FileStream", "L016_FileStream\L016_FileStream.csproj", "{8005ADBC-323D-48D2-9429-0AC2968B450F}"
EndProject
Project("{FAE04EC0-301F-11D3-BF4B-00C04F79EFBC}") = "L018_Static_classes_and_members", "L018_Static_classes_and_members\L018_Static_classes_and_members.csproj", "{735D0208-E1AB-41EB-AA25-F9ED3C5C59BE}"
EndProject
Project("{FAE04EC0-301F-11D3-BF4B-00C04F79EFBC}") = "L019_Main_method_entry_point", "L019_Main_method_entry_point\L019_Main_method_entry_point.csproj", "{2FBC9A26-7B94-4326-81A5-1031AEB137F9}"
EndProject
Project("{FAE04EC0-301F-11D3-BF4B-00C04F79EFBC}") = "L020_Namespaces_and_Using", "L020_Namespaces_and_Using\L020_Namespaces_and_Using.csproj", "{0DFD6942-506E-49E8-B7FE-BBFD6DC89CB0}"
EndProject
Project("{FAE04EC0-301F-11D3-BF4B-00C04F79EFBC}") = "L021_Konstruktor", "L021_Konstruktor\L021_Konstruktor.csproj", "{D68D14C3-FD95-45A1-B8AC-A8AB01D42FD7}"
EndProject
Project("{FAE04EC0-301F-11D3-BF4B-00C04F79EFBC}") = "L022_Properties", "L022_Properties\L022_Properties.csproj", "{2356E35E-2641-4FB7-A083-800F5CCA7505}"
EndProject
Project("{FAE04EC0-301F-11D3-BF4B-00C04F79EFBC}") = "L034_Lambda", "L034_Lambda\L034_Lambda.csproj", "{C473A6E8-8A52-448B-8636-257A7F49882F}"
EndProject
Project("{FAE04EC0-301F-11D3-BF4B-00C04F79EFBC}") = "L035_Anonymous_Types", "L035_Anonymous_Types\L035_Anonymous_Types.csproj", "{6EF0AD5B-F0FD-4AA6-A120-C82338694BF9}"
EndProject
Project("{FAE04EC0-301F-11D3-BF4B-00C04F79EFBC}") = "L036_Extension_Methods", "L036_Extension_Methods\L036_Extension_Methods.csproj", "{EB4F8584-9FC5-421D-9EB2-25E6D8E2E068}"
EndProject
Project("{FAE04EC0-301F-11D3-BF4B-00C04F79EFBC}") = "L037_Library", "L037_Library\L037_Library.csproj", "{638040F2-2BFC-4B08-931D-529AAB271BD9}"
EndProject
Project("{FAE04EC0-301F-11D3-BF4B-00C04F79EFBC}") = "L038_Interface", "L038_Interface\L038_Interface.csproj", "{8B1BF154-C4FC-434C-849F-A17E39D5D1C6}"
EndProject
Project("{FAE04EC0-301F-11D3-BF4B-00C04F79EFBC}") = "L039_LINQ", "L039_LINQ\L039_LINQ.csproj", "{ECB45A60-00D8-4609-8CBD-ABBA5A006FCF}"
EndProject
Project("{FAE04EC0-301F-11D3-BF4B-00C04F79EFBC}") = "L040_Yield_Return", "L040_Yield_Return\L040_Yield_Return.csproj", "{ADCA6AF8-0611-4BE5-B237-0776E7DA7341}"
EndProject
Project("{FAE04EC0-301F-11D3-BF4B-00C04F79EFBC}") = "L041_PLINQ", "L041_PLINQ\L041_PLINQ.csproj", "{CFF22EE6-914D-4E54-B6A3-3288A209A7E9}"
EndProject
Project("{FAE04EC0-301F-11D3-BF4B-00C04F79EFBC}") = "L042_Tasks", "L042_Tasks\L042_Tasks.csproj", "{4F963289-75B8-4A1D-A22D-C4AF00B00FE4}"
EndProject
Project("{FAE04EC0-301F-11D3-BF4B-00C04F79EFBC}") = "WebApplication1", "WebApplication1\WebApplication1.csproj", "{A243F4F7-5A0C-410B-B190-ADBC9E66CADA}"
EndProject
Project("{FAE04EC0-301F-11D3-BF4B-00C04F79EFBC}") = "TestProject1", "TestProject1\TestProject1.csproj", "{B3B0B738-4A66-42C9-AFDC-58458BBA5AE4}"
EndProject
Global
	GlobalSection(SolutionConfigurationPlatforms) = preSolution
		Debug|Any CPU = Debug|Any CPU
		Release|Any CPU = Release|Any CPU
	EndGlobalSection
	GlobalSection(SolutionProperties) = preSolution
		HideSolutionNode = FALSE
	EndGlobalSection
	GlobalSection(ProjectConfigurationPlatforms) = postSolution
		{8499D3EA-8143-4CA3-A363-5A14B11585A2}.Debug|Any CPU.ActiveCfg = Debug|Any CPU
		{8499D3EA-8143-4CA3-A363-5A14B11585A2}.Debug|Any CPU.Build.0 = Debug|Any CPU
		{8499D3EA-8143-4CA3-A363-5A14B11585A2}.Release|Any CPU.ActiveCfg = Release|Any CPU
		{8499D3EA-8143-4CA3-A363-5A14B11585A2}.Release|Any CPU.Build.0 = Release|Any CPU
		{9155FC2E-2094-486D-9726-DF0D07338B2D}.Debug|Any CPU.ActiveCfg = Debug|Any CPU
		{9155FC2E-2094-486D-9726-DF0D07338B2D}.Debug|Any CPU.Build.0 = Debug|Any CPU
		{9155FC2E-2094-486D-9726-DF0D07338B2D}.Release|Any CPU.ActiveCfg = Release|Any CPU
		{9155FC2E-2094-486D-9726-DF0D07338B2D}.Release|Any CPU.Build.0 = Release|Any CPU
		{92F4079C-E8A9-44FA-94D8-ACBF289DB81A}.Debug|Any CPU.ActiveCfg = Debug|Any CPU
		{92F4079C-E8A9-44FA-94D8-ACBF289DB81A}.Debug|Any CPU.Build.0 = Debug|Any CPU
		{92F4079C-E8A9-44FA-94D8-ACBF289DB81A}.Release|Any CPU.ActiveCfg = Release|Any CPU
		{92F4079C-E8A9-44FA-94D8-ACBF289DB81A}.Release|Any CPU.Build.0 = Release|Any CPU
		{12FED05A-3285-4326-8B8C-57261E642635}.Debug|Any CPU.ActiveCfg = Debug|Any CPU
		{12FED05A-3285-4326-8B8C-57261E642635}.Debug|Any CPU.Build.0 = Debug|Any CPU
		{12FED05A-3285-4326-8B8C-57261E642635}.Release|Any CPU.ActiveCfg = Release|Any CPU
		{12FED05A-3285-4326-8B8C-57261E642635}.Release|Any CPU.Build.0 = Release|Any CPU
		{8005ADBC-323D-48D2-9429-0AC2968B450F}.Debug|Any CPU.ActiveCfg = Debug|Any CPU
		{8005ADBC-323D-48D2-9429-0AC2968B450F}.Debug|Any CPU.Build.0 = Debug|Any CPU
		{8005ADBC-323D-48D2-9429-0AC2968B450F}.Release|Any CPU.ActiveCfg = Release|Any CPU
		{8005ADBC-323D-48D2-9429-0AC2968B450F}.Release|Any CPU.Build.0 = Release|Any CPU
		{735D0208-E1AB-41EB-AA25-F9ED3C5C59BE}.Debug|Any CPU.ActiveCfg = Debug|Any CPU
		{735D0208-E1AB-41EB-AA25-F9ED3C5C59BE}.Debug|Any CPU.Build.0 = Debug|Any CPU
		{735D0208-E1AB-41EB-AA25-F9ED3C5C59BE}.Release|Any CPU.ActiveCfg = Release|Any CPU
		{735D0208-E1AB-41EB-AA25-F9ED3C5C59BE}.Release|Any CPU.Build.0 = Release|Any CPU
		{2FBC9A26-7B94-4326-81A5-1031AEB137F9}.Debug|Any CPU.ActiveCfg = Debug|Any CPU
		{2FBC9A26-7B94-4326-81A5-1031AEB137F9}.Debug|Any CPU.Build.0 = Debug|Any CPU
		{2FBC9A26-7B94-4326-81A5-1031AEB137F9}.Release|Any CPU.ActiveCfg = Release|Any CPU
		{2FBC9A26-7B94-4326-81A5-1031AEB137F9}.Release|Any CPU.Build.0 = Release|Any CPU
		{0DFD6942-506E-49E8-B7FE-BBFD6DC89CB0}.Debug|Any CPU.ActiveCfg = Debug|Any CPU
		{0DFD6942-506E-49E8-B7FE-BBFD6DC89CB0}.Debug|Any CPU.Build.0 = Debug|Any CPU
		{0DFD6942-506E-49E8-B7FE-BBFD6DC89CB0}.Release|Any CPU.ActiveCfg = Release|Any CPU
		{0DFD6942-506E-49E8-B7FE-BBFD6DC89CB0}.Release|Any CPU.Build.0 = Release|Any CPU
		{D68D14C3-FD95-45A1-B8AC-A8AB01D42FD7}.Debug|Any CPU.ActiveCfg = Debug|Any CPU
		{D68D14C3-FD95-45A1-B8AC-A8AB01D42FD7}.Debug|Any CPU.Build.0 = Debug|Any CPU
		{D68D14C3-FD95-45A1-B8AC-A8AB01D42FD7}.Release|Any CPU.ActiveCfg = Release|Any CPU
		{D68D14C3-FD95-45A1-B8AC-A8AB01D42FD7}.Release|Any CPU.Build.0 = Release|Any CPU
		{2356E35E-2641-4FB7-A083-800F5CCA7505}.Debug|Any CPU.ActiveCfg = Debug|Any CPU
		{2356E35E-2641-4FB7-A083-800F5CCA7505}.Debug|Any CPU.Build.0 = Debug|Any CPU
		{2356E35E-2641-4FB7-A083-800F5CCA7505}.Release|Any CPU.ActiveCfg = Release|Any CPU
		{2356E35E-2641-4FB7-A083-800F5CCA7505}.Release|Any CPU.Build.0 = Release|Any CPU
		{C473A6E8-8A52-448B-8636-257A7F49882F}.Debug|Any CPU.ActiveCfg = Debug|Any CPU
		{C473A6E8-8A52-448B-8636-257A7F49882F}.Debug|Any CPU.Build.0 = Debug|Any CPU
		{C473A6E8-8A52-448B-8636-257A7F49882F}.Release|Any CPU.ActiveCfg = Release|Any CPU
		{C473A6E8-8A52-448B-8636-257A7F49882F}.Release|Any CPU.Build.0 = Release|Any CPU
		{6EF0AD5B-F0FD-4AA6-A120-C82338694BF9}.Debug|Any CPU.ActiveCfg = Debug|Any CPU
		{6EF0AD5B-F0FD-4AA6-A120-C82338694BF9}.Debug|Any CPU.Build.0 = Debug|Any CPU
		{6EF0AD5B-F0FD-4AA6-A120-C82338694BF9}.Release|Any CPU.ActiveCfg = Release|Any CPU
		{6EF0AD5B-F0FD-4AA6-A120-C82338694BF9}.Release|Any CPU.Build.0 = Release|Any CPU
		{EB4F8584-9FC5-421D-9EB2-25E6D8E2E068}.Debug|Any CPU.ActiveCfg = Debug|Any CPU
		{EB4F8584-9FC5-421D-9EB2-25E6D8E2E068}.Debug|Any CPU.Build.0 = Debug|Any CPU
		{EB4F8584-9FC5-421D-9EB2-25E6D8E2E068}.Release|Any CPU.ActiveCfg = Release|Any CPU
		{EB4F8584-9FC5-421D-9EB2-25E6D8E2E068}.Release|Any CPU.Build.0 = Release|Any CPU
		{638040F2-2BFC-4B08-931D-529AAB271BD9}.Debug|Any CPU.ActiveCfg = Debug|Any CPU
		{638040F2-2BFC-4B08-931D-529AAB271BD9}.Debug|Any CPU.Build.0 = Debug|Any CPU
		{638040F2-2BFC-4B08-931D-529AAB271BD9}.Release|Any CPU.ActiveCfg = Release|Any CPU
		{638040F2-2BFC-4B08-931D-529AAB271BD9}.Release|Any CPU.Build.0 = Release|Any CPU
		{8B1BF154-C4FC-434C-849F-A17E39D5D1C6}.Debug|Any CPU.ActiveCfg = Debug|Any CPU
		{8B1BF154-C4FC-434C-849F-A17E39D5D1C6}.Debug|Any CPU.Build.0 = Debug|Any CPU
		{8B1BF154-C4FC-434C-849F-A17E39D5D1C6}.Release|Any CPU.ActiveCfg = Release|Any CPU
		{8B1BF154-C4FC-434C-849F-A17E39D5D1C6}.Release|Any CPU.Build.0 = Release|Any CPU
		{ECB45A60-00D8-4609-8CBD-ABBA5A006FCF}.Debug|Any CPU.ActiveCfg = Debug|Any CPU
		{ECB45A60-00D8-4609-8CBD-ABBA5A006FCF}.Debug|Any CPU.Build.0 = Debug|Any CPU
		{ECB45A60-00D8-4609-8CBD-ABBA5A006FCF}.Release|Any CPU.ActiveCfg = Release|Any CPU
		{ECB45A60-00D8-4609-8CBD-ABBA5A006FCF}.Release|Any CPU.Build.0 = Release|Any CPU
		{ADCA6AF8-0611-4BE5-B237-0776E7DA7341}.Debug|Any CPU.ActiveCfg = Debug|Any CPU
		{ADCA6AF8-0611-4BE5-B237-0776E7DA7341}.Debug|Any CPU.Build.0 = Debug|Any CPU
		{ADCA6AF8-0611-4BE5-B237-0776E7DA7341}.Release|Any CPU.ActiveCfg = Release|Any CPU
		{ADCA6AF8-0611-4BE5-B237-0776E7DA7341}.Release|Any CPU.Build.0 = Release|Any CPU
		{CFF22EE6-914D-4E54-B6A3-3288A209A7E9}.Debug|Any CPU.ActiveCfg = Debug|Any CPU
		{CFF22EE6-914D-4E54-B6A3-3288A209A7E9}.Debug|Any CPU.Build.0 = Debug|Any CPU
		{CFF22EE6-914D-4E54-B6A3-3288A209A7E9}.Release|Any CPU.ActiveCfg = Release|Any CPU
		{CFF22EE6-914D-4E54-B6A3-3288A209A7E9}.Release|Any CPU.Build.0 = Release|Any CPU
		{4F963289-75B8-4A1D-A22D-C4AF00B00FE4}.Debug|Any CPU.ActiveCfg = Debug|Any CPU
		{4F963289-75B8-4A1D-A22D-C4AF00B00FE4}.Debug|Any CPU.Build.0 = Debug|Any CPU
		{4F963289-75B8-4A1D-A22D-C4AF00B00FE4}.Release|Any CPU.ActiveCfg = Release|Any CPU
		{4F963289-75B8-4A1D-A22D-C4AF00B00FE4}.Release|Any CPU.Build.0 = Release|Any CPU
		{A243F4F7-5A0C-410B-B190-ADBC9E66CADA}.Debug|Any CPU.ActiveCfg = Debug|Any CPU
		{A243F4F7-5A0C-410B-B190-ADBC9E66CADA}.Debug|Any CPU.Build.0 = Debug|Any CPU
		{A243F4F7-5A0C-410B-B190-ADBC9E66CADA}.Release|Any CPU.ActiveCfg = Release|Any CPU
		{A243F4F7-5A0C-410B-B190-ADBC9E66CADA}.Release|Any CPU.Build.0 = Release|Any CPU
		{B3B0B738-4A66-42C9-AFDC-58458BBA5AE4}.Debug|Any CPU.ActiveCfg = Debug|Any CPU
		{B3B0B738-4A66-42C9-AFDC-58458BBA5AE4}.Debug|Any CPU.Build.0 = Debug|Any CPU
		{B3B0B738-4A66-42C9-AFDC-58458BBA5AE4}.Release|Any CPU.ActiveCfg = Release|Any CPU
		{B3B0B738-4A66-42C9-AFDC-58458BBA5AE4}.Release|Any CPU.Build.0 = Release|Any CPU
	EndGlobalSection
EndGlobal
