
Microsoft Visual Studio Solution File, Format Version 12.00
# Visual Studio Version 17
VisualStudioVersion = 17.0.31903.59
MinimumVisualStudioVersion = 10.0.40219.1
Project("{FAE04EC0-301F-11D3-BF4B-00C04F79EFBC}") = "L013_Unicodee", "L013_Unicodee\L013_Unicodee.csproj", "{8499D3EA-8143-4CA3-A363-5A14B11585A2}"
EndProject
Project("{FAE04EC0-301F-11D3-BF4B-00C04F79EFBC}") = "L012_Exceptionss", "L012_Exceptionss\L012_Exceptionss.csproj", "{9155FC2E-2094-486D-9726-DF0D07338B2D}"
EndProject
Project("{FAE04EC0-301F-11D3-BF4B-00C04F79EFBC}") = "L014_Path_and_Directoryy", "L014_Path_and_Directoryy\L014_Path_and_Directoryy.csproj", "{92F4079C-E8A9-44FA-94D8-ACBF289DB81A}"
EndProject
Project("{FAE04EC0-301F-11D3-BF4B-00C04F79EFBC}") = "L015_StreamWriter_och_StreamReader", "L015_StreamWriter_och_StreamReader\L015_StreamWriter_och_StreamReader.csproj", "{12FED05A-3285-4326-8B8C-57261E642635}"
EndProject
Project("{FAE04EC0-301F-11D3-BF4B-00C04F79EFBC}") = "L016_FileStream", "L016_FileStream\L016_FileStream.csproj", "{8005ADBC-323D-48D2-9429-0AC2968B450F}"
EndProject
Project("{FAE04EC0-301F-11D3-BF4B-00C04F79EFBC}") = "L025_Arv", "L025_Arv\L025_Arv.csproj", "{B7F3379B-AE55-4ABF-826D-B2B1FF467942}"
EndProject
Project("{FAE04EC0-301F-11D3-BF4B-00C04F79EFBC}") = "L026_Constructor_chaining", "L026_Constructor_chaining\L026_Constructor_chaining.csproj", "{35281914-F2D5-4F6F-BA5A-3E5759EAEA2B}"
EndProject
Project("{FAE04EC0-301F-11D3-BF4B-00C04F79EFBC}") = "L032_Delegates", "L032_Delegates\L032_Delegates.csproj", "{EF128665-2351-4B9C-B96E-9B3A55EC0A4C}"
EndProject
Project("{FAE04EC0-301F-11D3-BF4B-00C04F79EFBC}") = "Delegates Miniuppgift", "Delegates Miniuppgift\Delegates Miniuppgift.csproj", "{C272E9CA-CB16-4944-88D6-E08378E0788B}"
EndProject
Project("{FAE04EC0-301F-11D3-BF4B-00C04F79EFBC}") = "L033_Events", "L033_Events\L033_Events.csproj", "{2C3FDB7D-6739-47E6-B3B2-FB3F5AE0665D}"
EndProject
Global
	GlobalSection(SolutionConfigurationPlatforms) = preSolution
		Debug|Any CPU = Debug|Any CPU
		Release|Any CPU = Release|Any CPU
	EndGlobalSection
	GlobalSection(SolutionProperties) = preSolution
		HideSolutionNode = FALSE
	EndGlobalSection
	GlobalSection(ProjectConfigurationPlatforms) = postSolution
		{8499D3EA-8143-4CA3-A363-5A14B11585A2}.Debug|Any CPU.ActiveCfg = Debug|Any CPU
		{8499D3EA-8143-4CA3-A363-5A14B11585A2}.Debug|Any CPU.Build.0 = Debug|Any CPU
		{8499D3EA-8143-4CA3-A363-5A14B11585A2}.Release|Any CPU.ActiveCfg = Release|Any CPU
		{8499D3EA-8143-4CA3-A363-5A14B11585A2}.Release|Any CPU.Build.0 = Release|Any CPU
		{9155FC2E-2094-486D-9726-DF0D07338B2D}.Debug|Any CPU.ActiveCfg = Debug|Any CPU
		{9155FC2E-2094-486D-9726-DF0D07338B2D}.Debug|Any CPU.Build.0 = Debug|Any CPU
		{9155FC2E-2094-486D-9726-DF0D07338B2D}.Release|Any CPU.ActiveCfg = Release|Any CPU
		{9155FC2E-2094-486D-9726-DF0D07338B2D}.Release|Any CPU.Build.0 = Release|Any CPU
		{92F4079C-E8A9-44FA-94D8-ACBF289DB81A}.Debug|Any CPU.ActiveCfg = Debug|Any CPU
		{92F4079C-E8A9-44FA-94D8-ACBF289DB81A}.Debug|Any CPU.Build.0 = Debug|Any CPU
		{92F4079C-E8A9-44FA-94D8-ACBF289DB81A}.Release|Any CPU.ActiveCfg = Release|Any CPU
		{92F4079C-E8A9-44FA-94D8-ACBF289DB81A}.Release|Any CPU.Build.0 = Release|Any CPU
		{12FED05A-3285-4326-8B8C-57261E642635}.Debug|Any CPU.ActiveCfg = Debug|Any CPU
		{12FED05A-3285-4326-8B8C-57261E642635}.Debug|Any CPU.Build.0 = Debug|Any CPU
		{12FED05A-3285-4326-8B8C-57261E642635}.Release|Any CPU.ActiveCfg = Release|Any CPU
		{12FED05A-3285-4326-8B8C-57261E642635}.Release|Any CPU.Build.0 = Release|Any CPU
		{8005ADBC-323D-48D2-9429-0AC2968B450F}.Debug|Any CPU.ActiveCfg = Debug|Any CPU
		{8005ADBC-323D-48D2-9429-0AC2968B450F}.Debug|Any CPU.Build.0 = Debug|Any CPU
		{8005ADBC-323D-48D2-9429-0AC2968B450F}.Release|Any CPU.ActiveCfg = Release|Any CPU
		{8005ADBC-323D-48D2-9429-0AC2968B450F}.Release|Any CPU.Build.0 = Release|Any CPU
		{B7F3379B-AE55-4ABF-826D-B2B1FF467942}.Debug|Any CPU.ActiveCfg = Debug|Any CPU
		{B7F3379B-AE55-4ABF-826D-B2B1FF467942}.Debug|Any CPU.Build.0 = Debug|Any CPU
		{B7F3379B-AE55-4ABF-826D-B2B1FF467942}.Release|Any CPU.ActiveCfg = Release|Any CPU
		{B7F3379B-AE55-4ABF-826D-B2B1FF467942}.Release|Any CPU.Build.0 = Release|Any CPU
		{35281914-F2D5-4F6F-BA5A-3E5759EAEA2B}.Debug|Any CPU.ActiveCfg = Debug|Any CPU
		{35281914-F2D5-4F6F-BA5A-3E5759EAEA2B}.Debug|Any CPU.Build.0 = Debug|Any CPU
		{35281914-F2D5-4F6F-BA5A-3E5759EAEA2B}.Release|Any CPU.ActiveCfg = Release|Any CPU
		{35281914-F2D5-4F6F-BA5A-3E5759EAEA2B}.Release|Any CPU.Build.0 = Release|Any CPU
		{EF128665-2351-4B9C-B96E-9B3A55EC0A4C}.Debug|Any CPU.ActiveCfg = Debug|Any CPU
		{EF128665-2351-4B9C-B96E-9B3A55EC0A4C}.Debug|Any CPU.Build.0 = Debug|Any CPU
		{EF128665-2351-4B9C-B96E-9B3A55EC0A4C}.Release|Any CPU.ActiveCfg = Release|Any CPU
		{EF128665-2351-4B9C-B96E-9B3A55EC0A4C}.Release|Any CPU.Build.0 = Release|Any CPU
		{C272E9CA-CB16-4944-88D6-E08378E0788B}.Debug|Any CPU.ActiveCfg = Debug|Any CPU
		{C272E9CA-CB16-4944-88D6-E08378E0788B}.Debug|Any CPU.Build.0 = Debug|Any CPU
		{C272E9CA-CB16-4944-88D6-E08378E0788B}.Release|Any CPU.ActiveCfg = Release|Any CPU
		{C272E9CA-CB16-4944-88D6-E08378E0788B}.Release|Any CPU.Build.0 = Release|Any CPU
		{2C3FDB7D-6739-47E6-B3B2-FB3F5AE0665D}.Debug|Any CPU.ActiveCfg = Debug|Any CPU
		{2C3FDB7D-6739-47E6-B3B2-FB3F5AE0665D}.Debug|Any CPU.Build.0 = Debug|Any CPU
		{2C3FDB7D-6739-47E6-B3B2-FB3F5AE0665D}.Release|Any CPU.ActiveCfg = Release|Any CPU
		{2C3FDB7D-6739-47E6-B3B2-FB3F5AE0665D}.Release|Any CPU.Build.0 = Release|Any CPU
	EndGlobalSection
EndGlobal
