
Microsoft Visual Studio Solution File, Format Version 12.00
# Visual Studio Version 17
VisualStudioVersion = 17.5.002.0
MinimumVisualStudioVersion = 10.0.40219.1
Project("{9A19103F-16F7-4668-BE54-9A1E7A4F7556}") = "L023_Pass_by_value_vs_Pass by_reference", "L023_Pass_by_value_vs_Pass by_reference.csproj", "{F5375B19-EDFE-4C62-B916-F297107F2205}"
EndProject
Global
	GlobalSection(SolutionConfigurationPlatforms) = preSolution
		Debug|Any CPU = Debug|Any CPU
		Release|Any CPU = Release|Any CPU
	EndGlobalSection
	GlobalSection(ProjectConfigurationPlatforms) = postSolution
		{F5375B19-EDFE-4C62-B916-F297107F2205}.Debug|Any CPU.ActiveCfg = Debug|Any CPU
		{F5375B19-EDFE-4C62-B916-F297107F2205}.Debug|Any CPU.Build.0 = Debug|Any CPU
		{F5375B19-EDFE-4C62-B916-F297107F2205}.Release|Any CPU.ActiveCfg = Release|Any CPU
		{F5375B19-EDFE-4C62-B916-F297107F2205}.Release|Any CPU.Build.0 = Release|Any CPU
	EndGlobalSection
	GlobalSection(SolutionProperties) = preSolution
		HideSolutionNode = FALSE
	EndGlobalSection
	GlobalSection(ExtensibilityGlobals) = postSolution
		SolutionGuid = {008D98C6-10FD-473C-983C-895D33407AD6}
	EndGlobalSection
EndGlobal
